
Microsoft Visual Studio Solution File, Format Version 12.00
# Visual Studio 14
VisualStudioVersion = 14.0.25420.1
MinimumVisualStudioVersion = 10.0.40219.1
Project("{FAE04EC0-301F-11D3-BF4B-00C04F79EFBC}") = "SifarishView", "SifarishView\SifarishView.csproj", "{4C874D04-DF90-4250-BEA2-C610619C017D}"
EndProject
Project("{FAE04EC0-301F-11D3-BF4B-00C04F79EFBC}") = "SIFARIS", "SIFARIS\SIFARIS.csproj", "{F5AA2AEC-7C87-41E3-8EE3-688D2D23F963}"
EndProject
Global
	GlobalSection(SolutionConfigurationPlatforms) = preSolution
		Debug|Any CPU = Debug|Any CPU
		Release|Any CPU = Release|Any CPU
	EndGlobalSection
	GlobalSection(ProjectConfigurationPlatforms) = postSolution
		{4C874D04-DF90-4250-BEA2-C610619C017D}.Debug|Any CPU.ActiveCfg = Debug|Any CPU
		{4C874D04-DF90-4250-BEA2-C610619C017D}.Debug|Any CPU.Build.0 = Debug|Any CPU
		{4C874D04-DF90-4250-BEA2-C610619C017D}.Release|Any CPU.ActiveCfg = Release|Any CPU
		{4C874D04-DF90-4250-BEA2-C610619C017D}.Release|Any CPU.Build.0 = Release|Any CPU
		{F5AA2AEC-7C87-41E3-8EE3-688D2D23F963}.Debug|Any CPU.ActiveCfg = Debug|Any CPU
		{F5AA2AEC-7C87-41E3-8EE3-688D2D23F963}.Debug|Any CPU.Build.0 = Debug|Any CPU
		{F5AA2AEC-7C87-41E3-8EE3-688D2D23F963}.Release|Any CPU.ActiveCfg = Release|Any CPU
		{F5AA2AEC-7C87-41E3-8EE3-688D2D23F963}.Release|Any CPU.Build.0 = Release|Any CPU
	EndGlobalSection
	GlobalSection(SolutionProperties) = preSolution
		HideSolutionNode = FALSE
	EndGlobalSection
EndGlobal
